
Microsoft Visual Studio Solution File, Format Version 12.00
# Visual Studio Version 16
VisualStudioVersion = 16.0.32413.511
MinimumVisualStudioVersion = 10.0.40219.1
Project("{FAE04EC0-301F-11D3-BF4B-00C04F79EFBC}") = "U19032618_HW03", "U19032618_HW03\U19032618_HW03.csproj", "{1B2E0D6A-F1F9-421C-88AA-B451F80C84FB}"
EndProject
Global
	GlobalSection(SolutionConfigurationPlatforms) = preSolution
		Debug|Any CPU = Debug|Any CPU
		Release|Any CPU = Release|Any CPU
	EndGlobalSection
	GlobalSection(ProjectConfigurationPlatforms) = postSolution
		{1B2E0D6A-F1F9-421C-88AA-B451F80C84FB}.Debug|Any CPU.ActiveCfg = Debug|Any CPU
		{1B2E0D6A-F1F9-421C-88AA-B451F80C84FB}.Debug|Any CPU.Build.0 = Debug|Any CPU
		{1B2E0D6A-F1F9-421C-88AA-B451F80C84FB}.Release|Any CPU.ActiveCfg = Release|Any CPU
		{1B2E0D6A-F1F9-421C-88AA-B451F80C84FB}.Release|Any CPU.Build.0 = Release|Any CPU
	EndGlobalSection
	GlobalSection(SolutionProperties) = preSolution
		HideSolutionNode = FALSE
	EndGlobalSection
	GlobalSection(ExtensibilityGlobals) = postSolution
		SolutionGuid = {DA9889A9-15D4-465A-8A26-F0610EA0E23C}
	EndGlobalSection
EndGlobal
